{
  "name": "wllama-chat-demo",
  "version": "0.1.0",
  "lockfileVersion": 3,
  "requires": true,
  "packages": {
    "": {
      "name": "wllama-chat-demo",
      "version": "0.1.0",
      "dependencies": {
        "@wllama/wllama": "^3.6.1"
      }
    },
    "node_modules/@wllama/wllama": {
      "version": "3.6.1",
      "resolved": "https://registry.npmjs.org/@wllama/wllama/-/wllama-3.6.1.tgz",
      "integrity": "sha512-v6cA0w6sHuaTLmUo9nSU37Sln+5YqZy/OGWp2dXWaR3ts26yLiMnKHGGbjdzQolPSPydPSKUlHHSKZgXK5Prkw==",
      "license": "MIT"
    }
  }
}
